
Microsoft Visual Studio Solution File, Format Version 12.00
# Visual Studio Version 17
VisualStudioVersion = 17.8.34511.84
MinimumVisualStudioVersion = 10.0.40219.1
Project("{FAE04EC0-301F-11D3-BF4B-00C04F79EFBC}") = "Ejemplo1", "Ejemplo1\Ejemplo1.csproj", "{3FF74BD7-0CF8-442F-915E-044400669C23}"
EndProject
Project("{FAE04EC0-301F-11D3-BF4B-00C04F79EFBC}") = "Ejemplo2", "Ejemplo2\Ejemplo2.csproj", "{991ED239-1A0E-4637-B571-98CC5A174CF7}"
EndProject
Global
	GlobalSection(SolutionConfigurationPlatforms) = preSolution
		Debug|Any CPU = Debug|Any CPU
		Release|Any CPU = Release|Any CPU
	EndGlobalSection
	GlobalSection(ProjectConfigurationPlatforms) = postSolution
		{3FF74BD7-0CF8-442F-915E-044400669C23}.Debug|Any CPU.ActiveCfg = Debug|Any CPU
		{3FF74BD7-0CF8-442F-915E-044400669C23}.Debug|Any CPU.Build.0 = Debug|Any CPU
		{3FF74BD7-0CF8-442F-915E-044400669C23}.Release|Any CPU.ActiveCfg = Release|Any CPU
		{3FF74BD7-0CF8-442F-915E-044400669C23}.Release|Any CPU.Build.0 = Release|Any CPU
		{991ED239-1A0E-4637-B571-98CC5A174CF7}.Debug|Any CPU.ActiveCfg = Debug|Any CPU
		{991ED239-1A0E-4637-B571-98CC5A174CF7}.Debug|Any CPU.Build.0 = Debug|Any CPU
		{991ED239-1A0E-4637-B571-98CC5A174CF7}.Release|Any CPU.ActiveCfg = Release|Any CPU
		{991ED239-1A0E-4637-B571-98CC5A174CF7}.Release|Any CPU.Build.0 = Release|Any CPU
	EndGlobalSection
	GlobalSection(SolutionProperties) = preSolution
		HideSolutionNode = FALSE
	EndGlobalSection
	GlobalSection(ExtensibilityGlobals) = postSolution
		SolutionGuid = {17E52105-B2B1-475A-9D2D-61991B812484}
	EndGlobalSection
EndGlobal
