
Microsoft Visual Studio Solution File, Format Version 12.00
# Visual Studio Version 17
VisualStudioVersion = 17.8.34511.84
MinimumVisualStudioVersion = 10.0.40219.1
Project("{FAE04EC0-301F-11D3-BF4B-00C04F79EFBC}") = "Ejemplo1", "Ejemplo1\Ejemplo1.csproj", "{3FF74BD7-0CF8-442F-915E-044400669C23}"
EndProject
Project("{FAE04EC0-301F-11D3-BF4B-00C04F79EFBC}") = "Ejemplo2", "Ejemplo2\Ejemplo2.csproj", "{991ED239-1A0E-4637-B571-98CC5A174CF7}"
EndProject
Project("{FAE04EC0-301F-11D3-BF4B-00C04F79EFBC}") = "Ejemplo3", "Ejemplo3\Ejemplo3.csproj", "{5FCD7013-B9A6-46AC-B964-E48E02E6A550}"
EndProject
Project("{9A19103F-16F7-4668-BE54-9A1E7A4F7556}") = "Ejemplo4", "Ejemplo4\Ejemplo4.csproj", "{F6C9FFBA-8E7F-4298-8946-0745105B7ABF}"
EndProject
Project("{FAE04EC0-301F-11D3-BF4B-00C04F79EFBC}") = "G4_Ejercicio_01", "G4_Ejercicio_01\G4_Ejercicio_01.csproj", "{E68D56D2-7DE2-492B-B85C-789AAF689526}"
EndProject
Project("{FAE04EC0-301F-11D3-BF4B-00C04F79EFBC}") = "G4_Ejercicio_02", "G4_Ejercicio_02\G4_Ejercicio_02.csproj", "{4AE40DDC-5A7C-485A-AB71-C5041ABFA89B}"
EndProject
Project("{FAE04EC0-301F-11D3-BF4B-00C04F79EFBC}") = "G4_Ejercicio_03", "G4_Ejercicio_03\G4_Ejercicio_03.csproj", "{43CC6D8D-18E6-41CB-B27C-79F34F7A9A50}"
EndProject
Global
	GlobalSection(SolutionConfigurationPlatforms) = preSolution
		Debug|Any CPU = Debug|Any CPU
		Release|Any CPU = Release|Any CPU
	EndGlobalSection
	GlobalSection(ProjectConfigurationPlatforms) = postSolution
		{3FF74BD7-0CF8-442F-915E-044400669C23}.Debug|Any CPU.ActiveCfg = Debug|Any CPU
		{3FF74BD7-0CF8-442F-915E-044400669C23}.Debug|Any CPU.Build.0 = Debug|Any CPU
		{3FF74BD7-0CF8-442F-915E-044400669C23}.Release|Any CPU.ActiveCfg = Release|Any CPU
		{3FF74BD7-0CF8-442F-915E-044400669C23}.Release|Any CPU.Build.0 = Release|Any CPU
		{991ED239-1A0E-4637-B571-98CC5A174CF7}.Debug|Any CPU.ActiveCfg = Debug|Any CPU
		{991ED239-1A0E-4637-B571-98CC5A174CF7}.Debug|Any CPU.Build.0 = Debug|Any CPU
		{991ED239-1A0E-4637-B571-98CC5A174CF7}.Release|Any CPU.ActiveCfg = Release|Any CPU
		{991ED239-1A0E-4637-B571-98CC5A174CF7}.Release|Any CPU.Build.0 = Release|Any CPU
		{5FCD7013-B9A6-46AC-B964-E48E02E6A550}.Debug|Any CPU.ActiveCfg = Debug|Any CPU
		{5FCD7013-B9A6-46AC-B964-E48E02E6A550}.Debug|Any CPU.Build.0 = Debug|Any CPU
		{5FCD7013-B9A6-46AC-B964-E48E02E6A550}.Release|Any CPU.ActiveCfg = Release|Any CPU
		{5FCD7013-B9A6-46AC-B964-E48E02E6A550}.Release|Any CPU.Build.0 = Release|Any CPU
		{F6C9FFBA-8E7F-4298-8946-0745105B7ABF}.Debug|Any CPU.ActiveCfg = Debug|Any CPU
		{F6C9FFBA-8E7F-4298-8946-0745105B7ABF}.Debug|Any CPU.Build.0 = Debug|Any CPU
		{F6C9FFBA-8E7F-4298-8946-0745105B7ABF}.Release|Any CPU.ActiveCfg = Release|Any CPU
		{F6C9FFBA-8E7F-4298-8946-0745105B7ABF}.Release|Any CPU.Build.0 = Release|Any CPU
		{E68D56D2-7DE2-492B-B85C-789AAF689526}.Debug|Any CPU.ActiveCfg = Debug|Any CPU
		{E68D56D2-7DE2-492B-B85C-789AAF689526}.Debug|Any CPU.Build.0 = Debug|Any CPU
		{E68D56D2-7DE2-492B-B85C-789AAF689526}.Release|Any CPU.ActiveCfg = Release|Any CPU
		{E68D56D2-7DE2-492B-B85C-789AAF689526}.Release|Any CPU.Build.0 = Release|Any CPU
		{4AE40DDC-5A7C-485A-AB71-C5041ABFA89B}.Debug|Any CPU.ActiveCfg = Debug|Any CPU
		{4AE40DDC-5A7C-485A-AB71-C5041ABFA89B}.Debug|Any CPU.Build.0 = Debug|Any CPU
		{4AE40DDC-5A7C-485A-AB71-C5041ABFA89B}.Release|Any CPU.ActiveCfg = Release|Any CPU
		{4AE40DDC-5A7C-485A-AB71-C5041ABFA89B}.Release|Any CPU.Build.0 = Release|Any CPU
		{43CC6D8D-18E6-41CB-B27C-79F34F7A9A50}.Debug|Any CPU.ActiveCfg = Debug|Any CPU
		{43CC6D8D-18E6-41CB-B27C-79F34F7A9A50}.Debug|Any CPU.Build.0 = Debug|Any CPU
		{43CC6D8D-18E6-41CB-B27C-79F34F7A9A50}.Release|Any CPU.ActiveCfg = Release|Any CPU
		{43CC6D8D-18E6-41CB-B27C-79F34F7A9A50}.Release|Any CPU.Build.0 = Release|Any CPU
	EndGlobalSection
	GlobalSection(SolutionProperties) = preSolution
		HideSolutionNode = FALSE
	EndGlobalSection
	GlobalSection(ExtensibilityGlobals) = postSolution
		SolutionGuid = {17E52105-B2B1-475A-9D2D-61991B812484}
	EndGlobalSection
EndGlobal
